
Microsoft Visual Studio Solution File, Format Version 12.00
# Visual Studio Version 16
VisualStudioVersion = 16.0.31410.357
MinimumVisualStudioVersion = 10.0.40219.1
Project("{9A19103F-16F7-4668-BE54-9A1E7A4F7556}") = "DemoProject.OpenTelemetry", "DemoProject\DemoProject.OpenTelemetry.csproj", "{5F88DE5C-5FF6-4EC7-A1E4-CBEC37548BA1}"
EndProject
Project("{9A19103F-16F7-4668-BE54-9A1E7A4F7556}") = "Tracer.OpenTelemetry.Fody", "Tracer.OpenTelemetry.Fody\Tracer.OpenTelemetry.Fody.csproj", "{3ADDF9DC-2C21-43CB-8D39-4D599E0AD5FE}"
EndProject
Project("{2150E333-8FDC-42A3-9474-1A3956D46DE8}") = "Solution Items", "Solution Items", "{70796A9C-2A16-4446-9240-761E31451BD4}"
	ProjectSection(SolutionItems) = preProject
		.gitignore = .gitignore
		icon.png = icon.png
		LICENSE = LICENSE
		README.md = README.md
		strongname.snk = strongname.snk
	EndProjectSection
EndProject
Global
	GlobalSection(SolutionConfigurationPlatforms) = preSolution
		Debug|Any CPU = Debug|Any CPU
		Release|Any CPU = Release|Any CPU
	EndGlobalSection
	GlobalSection(ProjectConfigurationPlatforms) = postSolution
		{5F88DE5C-5FF6-4EC7-A1E4-CBEC37548BA1}.Debug|Any CPU.ActiveCfg = Debug|Any CPU
		{5F88DE5C-5FF6-4EC7-A1E4-CBEC37548BA1}.Debug|Any CPU.Build.0 = Debug|Any CPU
		{5F88DE5C-5FF6-4EC7-A1E4-CBEC37548BA1}.Release|Any CPU.ActiveCfg = Release|Any CPU
		{5F88DE5C-5FF6-4EC7-A1E4-CBEC37548BA1}.Release|Any CPU.Build.0 = Release|Any CPU
		{3ADDF9DC-2C21-43CB-8D39-4D599E0AD5FE}.Debug|Any CPU.ActiveCfg = Debug|Any CPU
		{3ADDF9DC-2C21-43CB-8D39-4D599E0AD5FE}.Debug|Any CPU.Build.0 = Debug|Any CPU
		{3ADDF9DC-2C21-43CB-8D39-4D599E0AD5FE}.Release|Any CPU.ActiveCfg = Release|Any CPU
		{3ADDF9DC-2C21-43CB-8D39-4D599E0AD5FE}.Release|Any CPU.Build.0 = Release|Any CPU
	EndGlobalSection
	GlobalSection(SolutionProperties) = preSolution
		HideSolutionNode = FALSE
	EndGlobalSection
	GlobalSection(ExtensibilityGlobals) = postSolution
		SolutionGuid = {DC8CC556-A6CC-46BE-89B6-D2D1D47596BD}
	EndGlobalSection
EndGlobal
